
Microsoft Visual Studio Solution File, Format Version 12.00
# Visual Studio Version 17
VisualStudioVersion = 17.6.33712.159
MinimumVisualStudioVersion = 10.0.40219.1
Project("{2150E333-8FDC-42A3-9474-1A3956D46DE8}") = "src", "src", "{F774532F-ED75-46D6-9404-C92248FCD48B}"
EndProject
Project("{2150E333-8FDC-42A3-9474-1A3956D46DE8}") = "Services", "Services", "{1A9CC348-8593-446E-9AF0-93F01E14ECB8}"
EndProject
Project("{2150E333-8FDC-42A3-9474-1A3956D46DE8}") = "Dinner", "Dinner", "{203C3901-AE51-49AA-BB42-385667C5B09F}"
EndProject
Project("{FAE04EC0-301F-11D3-BF4B-00C04F79EFBC}") = "Dinner.Domain", "src\Services\Dinner\Dinner.Domain\Dinner.Domain.csproj", "{ADDB2698-FC07-402B-BC97-9DE63F761228}"
EndProject
Global
	GlobalSection(SolutionConfigurationPlatforms) = preSolution
		Debug|Any CPU = Debug|Any CPU
		Release|Any CPU = Release|Any CPU
	EndGlobalSection
	GlobalSection(ProjectConfigurationPlatforms) = postSolution
		{ADDB2698-FC07-402B-BC97-9DE63F761228}.Debug|Any CPU.ActiveCfg = Debug|Any CPU
		{ADDB2698-FC07-402B-BC97-9DE63F761228}.Debug|Any CPU.Build.0 = Debug|Any CPU
		{ADDB2698-FC07-402B-BC97-9DE63F761228}.Release|Any CPU.ActiveCfg = Release|Any CPU
		{ADDB2698-FC07-402B-BC97-9DE63F761228}.Release|Any CPU.Build.0 = Release|Any CPU
	EndGlobalSection
	GlobalSection(SolutionProperties) = preSolution
		HideSolutionNode = FALSE
	EndGlobalSection
	GlobalSection(NestedProjects) = preSolution
		{1A9CC348-8593-446E-9AF0-93F01E14ECB8} = {F774532F-ED75-46D6-9404-C92248FCD48B}
		{203C3901-AE51-49AA-BB42-385667C5B09F} = {1A9CC348-8593-446E-9AF0-93F01E14ECB8}
		{ADDB2698-FC07-402B-BC97-9DE63F761228} = {203C3901-AE51-49AA-BB42-385667C5B09F}
	EndGlobalSection
	GlobalSection(ExtensibilityGlobals) = postSolution
		SolutionGuid = {E450E6F8-EDFF-4A18-AD17-BAAE1A750BE2}
	EndGlobalSection
EndGlobal
